
Microsoft Visual Studio Solution File, Format Version 12.00
# Visual Studio Version 17
VisualStudioVersion = 17.2.32519.379
MinimumVisualStudioVersion = 10.0.40219.1
Project("{FAE04EC0-301F-11D3-BF4B-00C04F79EFBC}") = "TestHDFC", "TestHDFC.csproj", "{70B20D6C-DF42-4338-956C-15E71A961FFD}"
EndProject
Global
	GlobalSection(SolutionConfigurationPlatforms) = preSolution
		Debug|Any CPU = Debug|Any CPU
		Release|Any CPU = Release|Any CPU
	EndGlobalSection
	GlobalSection(ProjectConfigurationPlatforms) = postSolution
		{70B20D6C-DF42-4338-956C-15E71A961FFD}.Debug|Any CPU.ActiveCfg = Debug|Any CPU
		{70B20D6C-DF42-4338-956C-15E71A961FFD}.Debug|Any CPU.Build.0 = Debug|Any CPU
		{70B20D6C-DF42-4338-956C-15E71A961FFD}.Release|Any CPU.ActiveCfg = Release|Any CPU
		{70B20D6C-DF42-4338-956C-15E71A961FFD}.Release|Any CPU.Build.0 = Release|Any CPU
	EndGlobalSection
	GlobalSection(SolutionProperties) = preSolution
		HideSolutionNode = FALSE
	EndGlobalSection
	GlobalSection(ExtensibilityGlobals) = postSolution
		SolutionGuid = {8A6EC03A-4F22-4E5F-98BD-3F74C74506E6}
	EndGlobalSection
EndGlobal
